{
  "name": "miniprogram",
  "version": "1.4.0",
  "lockfileVersion": 1,
  "requires": true,
  "dependencies": {
    "@vant/weapp": {
      "version": "1.6.1",
      "resolved": "https://registry.npm.taobao.org/@vant/weapp/download/@vant/weapp-1.6.1.tgz",
      "integrity": "sha1-AcbzlcCmf1a4yq42pVHSaLH+BgU="
    }
  }
}
